
Microsoft Visual Studio Solution File, Format Version 12.00
# Visual Studio Version 17
VisualStudioVersion = 17.7.34031.279
MinimumVisualStudioVersion = 10.0.40219.1
Project("{FAE04EC0-301F-11D3-BF4B-00C04F79EFBC}") = "ConsoleApp6", "ConsoleApp6\ConsoleApp6.csproj", "{48B49278-C720-4517-B70A-9E1A0D79AE75}"
EndProject
Global
	GlobalSection(SolutionConfigurationPlatforms) = preSolution
		Debug|Any CPU = Debug|Any CPU
		Release|Any CPU = Release|Any CPU
	EndGlobalSection
	GlobalSection(ProjectConfigurationPlatforms) = postSolution
		{48B49278-C720-4517-B70A-9E1A0D79AE75}.Debug|Any CPU.ActiveCfg = Debug|Any CPU
		{48B49278-C720-4517-B70A-9E1A0D79AE75}.Debug|Any CPU.Build.0 = Debug|Any CPU
		{48B49278-C720-4517-B70A-9E1A0D79AE75}.Release|Any CPU.ActiveCfg = Release|Any CPU
		{48B49278-C720-4517-B70A-9E1A0D79AE75}.Release|Any CPU.Build.0 = Release|Any CPU
	EndGlobalSection
	GlobalSection(SolutionProperties) = preSolution
		HideSolutionNode = FALSE
	EndGlobalSection
	GlobalSection(ExtensibilityGlobals) = postSolution
		SolutionGuid = {842FEE79-CDDC-4BC4-8508-E03AF71F6F24}
	EndGlobalSection
EndGlobal
